PODS:
  - Alamofire (5.2.2)
  - CPAPIService (0.1.9):
    - Alamofire (~> 5.2.1)

DEPENDENCIES:
  - CPAPIService (from `../`)

SPEC REPOS:
  trunk:
    - Alamofire

EXTERNAL SOURCES:
  CPAPIService:
    :path: "../"

SPEC CHECKSUMS:
  Alamofire: 814429acc853c6c54ff123fc3d2ef66803823ce0
  CPAPIService: 00433ae318b8c32fc5e776c7eb9cb111ea9ae286

PODFILE CHECKSUM: 7f618cc870383b98e96f00eb1e6459afedc90e27

COCOAPODS: 1.8.4
